# This file is automatically @generated by Cargo.
# It is not intended for manual editing.
version = 4

[[package]]
name = "oopsmate-core"
version = "0.1.0"

[[package]]
name = "oopsmate-eval"
version = "0.1.0"
dependencies = [
 "oopsmate-core",
]

[[package]]
name = "oopsmate-memory"
version = "0.1.0"
dependencies = [
 "oopsmate-core",
]

[[package]]
name = "oopsmate-movegen"
version = "0.1.0"
dependencies = [
 "oopsmate-core",
 "strikes",
]

[[package]]
name = "oopsmate-search"
version = "0.1.0"
dependencies = [
 "oopsmate-core",
 "oopsmate-eval",
 "oopsmate-movegen",
]

[[package]]
name = "oopsmate-v2"
version = "0.1.0"
dependencies = [
 "oopsmate-core",
 "oopsmate-eval",
 "oopsmate-movegen",
 "oopsmate-search",
]

[[package]]
name = "strikes"
version = "0.1.0"
